
Microsoft Visual Studio Solution File, Format Version 12.00
# Visual Studio Version 17
VisualStudioVersion = 17.6.33829.357
MinimumVisualStudioVersion = 10.0.40219.1
Project("{2150E333-8FDC-42A3-9474-1A3956D46DE8}") = "Solution Items", "Solution Items", "{75CDE803-6A22-4024-8AA2-008996454FED}"
	ProjectSection(SolutionItems) = preProject
		Directory.Build.props = Directory.Build.props
	EndProjectSection
EndProject
Project("{FAE04EC0-301F-11D3-BF4B-00C04F79EFBC}") = "SO79652049", "src\SO79652049\SO79652049.csproj", "{37C07297-714C-4920-BE36-33CFAD0C9221}"
EndProject
Project("{FAE04EC0-301F-11D3-BF4B-00C04F79EFBC}") = "SO79646081", "src\SO79646081\SO79646081.csproj", "{030F5F5C-51D3-4D9D-B269-55691767EF26}"
EndProject
Project("{FAE04EC0-301F-11D3-BF4B-00C04F79EFBC}") = "SO79667809", "src\SO79667809\SO79667809.csproj", "{E0941B63-A58C-44A4-8FDD-D209FC3FDE0B}"
EndProject
Project("{FAE04EC0-301F-11D3-BF4B-00C04F79EFBC}") = "SO74319669", "src\SO74319669\SO74319669.csproj", "{9DF7D170-148C-41B2-8BEC-AD3689149DE9}"
EndProject
Project("{FAE04EC0-301F-11D3-BF4B-00C04F79EFBC}") = "SO63922234", "src\SO63922234\SO63922234.csproj", "{C525C013-E22B-40DC-9083-EC42A3CEEBCD}"
EndProject
Project("{FAE04EC0-301F-11D3-BF4B-00C04F79EFBC}") = "SO79689989", "src\SO79689989\SO79689989.csproj", "{6F562BB2-9CCE-476D-B3B5-66CF2D6E7CA0}"
EndProject
Project("{FAE04EC0-301F-11D3-BF4B-00C04F79EFBC}") = "SO79689008", "src\SO79689008\SO79689008.csproj", "{26BE5466-31BE-4368-9BFF-6FA37DB16B3D}"
EndProject
Project("{FAE04EC0-301F-11D3-BF4B-00C04F79EFBC}") = "SO79706434", "src\SO79706434\SO79706434.csproj", "{9A14C309-723B-4D8E-A6EF-1A33E787FE9D}"
EndProject
Project("{FAE04EC0-301F-11D3-BF4B-00C04F79EFBC}") = "SO76746572", "src\SO76746572\SO76746572.csproj", "{C05D6CD5-FFAD-44DC-9A18-8C80683AAE17}"
EndProject
Project("{FAE04EC0-301F-11D3-BF4B-00C04F79EFBC}") = "SO75572430", "src\SO75572430\SO75572430.csproj", "{41C6D8A9-2316-4ED2-803E-B2F6BF24AF1B}"
EndProject
Project("{FAE04EC0-301F-11D3-BF4B-00C04F79EFBC}") = "SO79720042", "src\SO79720042\SO79720042.csproj", "{2B318BE4-8D8A-4B76-9ED4-E68C4AEA21A8}"
EndProject
Project("{FAE04EC0-301F-11D3-BF4B-00C04F79EFBC}") = "SO79717893", "src\SO79717893\SO79717893.csproj", "{CEFFBF77-F3E9-4ECB-A01B-A65999FDF5EE}"
EndProject
Project("{FAE04EC0-301F-11D3-BF4B-00C04F79EFBC}") = "SO79725472", "src\SO79725472\SO79725472.csproj", "{94D7C490-9A51-4215-8F51-98A8C9834BEA}"
EndProject
Project("{FAE04EC0-301F-11D3-BF4B-00C04F79EFBC}") = "SO79726492", "src\SO79726492\SO79726492.csproj", "{41AC8E1F-6335-4933-8FDF-FA28C285E349}"
EndProject
Project("{FAE04EC0-301F-11D3-BF4B-00C04F79EFBC}") = "SO79727653", "src\SO79727653\SO79727653.csproj", "{D9815A3B-B97C-4B53-A900-F994A08F0BA8}"
EndProject
Project("{FAE04EC0-301F-11D3-BF4B-00C04F79EFBC}") = "SO79735735", "src\SO79735735\SO79735735.csproj", "{83DDC4D0-066D-4985-916C-33594F32E79F}"
EndProject
Project("{FAE04EC0-301F-11D3-BF4B-00C04F79EFBC}") = "SO79738507", "src\SO79738507\SO79738507.csproj", "{3ABE4963-CD57-4AF7-B1CE-2FDB28986562}"
EndProject
Project("{FAE04EC0-301F-11D3-BF4B-00C04F79EFBC}") = "SO79743710", "src\SO79743710\SO79743710.csproj", "{DC5CB60A-C718-4C4F-A033-FF9E024D8B1D}"
EndProject
Global
	GlobalSection(SolutionConfigurationPlatforms) = preSolution
		Debug|Any CPU = Debug|Any CPU
		Release|Any CPU = Release|Any CPU
	EndGlobalSection
	GlobalSection(ProjectConfigurationPlatforms) = postSolution
		{37C07297-714C-4920-BE36-33CFAD0C9221}.Debug|Any CPU.ActiveCfg = Debug|Any CPU
		{37C07297-714C-4920-BE36-33CFAD0C9221}.Debug|Any CPU.Build.0 = Debug|Any CPU
		{37C07297-714C-4920-BE36-33CFAD0C9221}.Debug|Any CPU.Deploy.0 = Debug|Any CPU
		{37C07297-714C-4920-BE36-33CFAD0C9221}.Release|Any CPU.ActiveCfg = Release|Any CPU
		{37C07297-714C-4920-BE36-33CFAD0C9221}.Release|Any CPU.Build.0 = Release|Any CPU
		{030F5F5C-51D3-4D9D-B269-55691767EF26}.Debug|Any CPU.ActiveCfg = Debug|Any CPU
		{030F5F5C-51D3-4D9D-B269-55691767EF26}.Debug|Any CPU.Build.0 = Debug|Any CPU
		{030F5F5C-51D3-4D9D-B269-55691767EF26}.Debug|Any CPU.Deploy.0 = Debug|Any CPU
		{030F5F5C-51D3-4D9D-B269-55691767EF26}.Release|Any CPU.ActiveCfg = Release|Any CPU
		{030F5F5C-51D3-4D9D-B269-55691767EF26}.Release|Any CPU.Build.0 = Release|Any CPU
		{E0941B63-A58C-44A4-8FDD-D209FC3FDE0B}.Debug|Any CPU.ActiveCfg = Debug|Any CPU
		{E0941B63-A58C-44A4-8FDD-D209FC3FDE0B}.Debug|Any CPU.Build.0 = Debug|Any CPU
		{E0941B63-A58C-44A4-8FDD-D209FC3FDE0B}.Debug|Any CPU.Deploy.0 = Debug|Any CPU
		{E0941B63-A58C-44A4-8FDD-D209FC3FDE0B}.Release|Any CPU.ActiveCfg = Release|Any CPU
		{E0941B63-A58C-44A4-8FDD-D209FC3FDE0B}.Release|Any CPU.Build.0 = Release|Any CPU
		{9DF7D170-148C-41B2-8BEC-AD3689149DE9}.Debug|Any CPU.ActiveCfg = Debug|Any CPU
		{9DF7D170-148C-41B2-8BEC-AD3689149DE9}.Debug|Any CPU.Build.0 = Debug|Any CPU
		{9DF7D170-148C-41B2-8BEC-AD3689149DE9}.Debug|Any CPU.Deploy.0 = Debug|Any CPU
		{9DF7D170-148C-41B2-8BEC-AD3689149DE9}.Release|Any CPU.ActiveCfg = Release|Any CPU
		{9DF7D170-148C-41B2-8BEC-AD3689149DE9}.Release|Any CPU.Build.0 = Release|Any CPU
		{C525C013-E22B-40DC-9083-EC42A3CEEBCD}.Debug|Any CPU.ActiveCfg = Debug|Any CPU
		{C525C013-E22B-40DC-9083-EC42A3CEEBCD}.Debug|Any CPU.Build.0 = Debug|Any CPU
		{C525C013-E22B-40DC-9083-EC42A3CEEBCD}.Debug|Any CPU.Deploy.0 = Debug|Any CPU
		{C525C013-E22B-40DC-9083-EC42A3CEEBCD}.Release|Any CPU.ActiveCfg = Release|Any CPU
		{C525C013-E22B-40DC-9083-EC42A3CEEBCD}.Release|Any CPU.Build.0 = Release|Any CPU
		{6F562BB2-9CCE-476D-B3B5-66CF2D6E7CA0}.Debug|Any CPU.ActiveCfg = Debug|Any CPU
		{6F562BB2-9CCE-476D-B3B5-66CF2D6E7CA0}.Debug|Any CPU.Build.0 = Debug|Any CPU
		{6F562BB2-9CCE-476D-B3B5-66CF2D6E7CA0}.Debug|Any CPU.Deploy.0 = Debug|Any CPU
		{6F562BB2-9CCE-476D-B3B5-66CF2D6E7CA0}.Release|Any CPU.ActiveCfg = Release|Any CPU
		{6F562BB2-9CCE-476D-B3B5-66CF2D6E7CA0}.Release|Any CPU.Build.0 = Release|Any CPU
		{26BE5466-31BE-4368-9BFF-6FA37DB16B3D}.Debug|Any CPU.ActiveCfg = Debug|Any CPU
		{26BE5466-31BE-4368-9BFF-6FA37DB16B3D}.Debug|Any CPU.Build.0 = Debug|Any CPU
		{26BE5466-31BE-4368-9BFF-6FA37DB16B3D}.Debug|Any CPU.Deploy.0 = Debug|Any CPU
		{26BE5466-31BE-4368-9BFF-6FA37DB16B3D}.Release|Any CPU.ActiveCfg = Release|Any CPU
		{26BE5466-31BE-4368-9BFF-6FA37DB16B3D}.Release|Any CPU.Build.0 = Release|Any CPU
		{9A14C309-723B-4D8E-A6EF-1A33E787FE9D}.Debug|Any CPU.ActiveCfg = Debug|Any CPU
		{9A14C309-723B-4D8E-A6EF-1A33E787FE9D}.Debug|Any CPU.Build.0 = Debug|Any CPU
		{9A14C309-723B-4D8E-A6EF-1A33E787FE9D}.Debug|Any CPU.Deploy.0 = Debug|Any CPU
		{9A14C309-723B-4D8E-A6EF-1A33E787FE9D}.Release|Any CPU.ActiveCfg = Release|Any CPU
		{9A14C309-723B-4D8E-A6EF-1A33E787FE9D}.Release|Any CPU.Build.0 = Release|Any CPU
		{C05D6CD5-FFAD-44DC-9A18-8C80683AAE17}.Debug|Any CPU.ActiveCfg = Debug|Any CPU
		{C05D6CD5-FFAD-44DC-9A18-8C80683AAE17}.Debug|Any CPU.Build.0 = Debug|Any CPU
		{C05D6CD5-FFAD-44DC-9A18-8C80683AAE17}.Debug|Any CPU.Deploy.0 = Debug|Any CPU
		{C05D6CD5-FFAD-44DC-9A18-8C80683AAE17}.Release|Any CPU.ActiveCfg = Release|Any CPU
		{C05D6CD5-FFAD-44DC-9A18-8C80683AAE17}.Release|Any CPU.Build.0 = Release|Any CPU
		{41C6D8A9-2316-4ED2-803E-B2F6BF24AF1B}.Debug|Any CPU.ActiveCfg = Debug|Any CPU
		{41C6D8A9-2316-4ED2-803E-B2F6BF24AF1B}.Debug|Any CPU.Build.0 = Debug|Any CPU
		{41C6D8A9-2316-4ED2-803E-B2F6BF24AF1B}.Debug|Any CPU.Deploy.0 = Debug|Any CPU
		{41C6D8A9-2316-4ED2-803E-B2F6BF24AF1B}.Release|Any CPU.ActiveCfg = Release|Any CPU
		{41C6D8A9-2316-4ED2-803E-B2F6BF24AF1B}.Release|Any CPU.Build.0 = Release|Any CPU
		{2B318BE4-8D8A-4B76-9ED4-E68C4AEA21A8}.Debug|Any CPU.ActiveCfg = Debug|Any CPU
		{2B318BE4-8D8A-4B76-9ED4-E68C4AEA21A8}.Debug|Any CPU.Build.0 = Debug|Any CPU
		{2B318BE4-8D8A-4B76-9ED4-E68C4AEA21A8}.Debug|Any CPU.Deploy.0 = Debug|Any CPU
		{2B318BE4-8D8A-4B76-9ED4-E68C4AEA21A8}.Release|Any CPU.ActiveCfg = Release|Any CPU
		{2B318BE4-8D8A-4B76-9ED4-E68C4AEA21A8}.Release|Any CPU.Build.0 = Release|Any CPU
		{CEFFBF77-F3E9-4ECB-A01B-A65999FDF5EE}.Debug|Any CPU.ActiveCfg = Debug|Any CPU
		{CEFFBF77-F3E9-4ECB-A01B-A65999FDF5EE}.Debug|Any CPU.Build.0 = Debug|Any CPU
		{CEFFBF77-F3E9-4ECB-A01B-A65999FDF5EE}.Debug|Any CPU.Deploy.0 = Debug|Any CPU
		{CEFFBF77-F3E9-4ECB-A01B-A65999FDF5EE}.Release|Any CPU.ActiveCfg = Release|Any CPU
		{CEFFBF77-F3E9-4ECB-A01B-A65999FDF5EE}.Release|Any CPU.Build.0 = Release|Any CPU
		{94D7C490-9A51-4215-8F51-98A8C9834BEA}.Debug|Any CPU.ActiveCfg = Debug|Any CPU
		{94D7C490-9A51-4215-8F51-98A8C9834BEA}.Debug|Any CPU.Build.0 = Debug|Any CPU
		{94D7C490-9A51-4215-8F51-98A8C9834BEA}.Debug|Any CPU.Deploy.0 = Debug|Any CPU
		{94D7C490-9A51-4215-8F51-98A8C9834BEA}.Release|Any CPU.ActiveCfg = Release|Any CPU
		{94D7C490-9A51-4215-8F51-98A8C9834BEA}.Release|Any CPU.Build.0 = Release|Any CPU
		{41AC8E1F-6335-4933-8FDF-FA28C285E349}.Debug|Any CPU.ActiveCfg = Debug|Any CPU
		{41AC8E1F-6335-4933-8FDF-FA28C285E349}.Debug|Any CPU.Build.0 = Debug|Any CPU
		{41AC8E1F-6335-4933-8FDF-FA28C285E349}.Debug|Any CPU.Deploy.0 = Debug|Any CPU
		{41AC8E1F-6335-4933-8FDF-FA28C285E349}.Release|Any CPU.ActiveCfg = Release|Any CPU
		{41AC8E1F-6335-4933-8FDF-FA28C285E349}.Release|Any CPU.Build.0 = Release|Any CPU
		{D9815A3B-B97C-4B53-A900-F994A08F0BA8}.Debug|Any CPU.ActiveCfg = Debug|Any CPU
		{D9815A3B-B97C-4B53-A900-F994A08F0BA8}.Debug|Any CPU.Build.0 = Debug|Any CPU
		{D9815A3B-B97C-4B53-A900-F994A08F0BA8}.Debug|Any CPU.Deploy.0 = Debug|Any CPU
		{D9815A3B-B97C-4B53-A900-F994A08F0BA8}.Release|Any CPU.ActiveCfg = Release|Any CPU
		{D9815A3B-B97C-4B53-A900-F994A08F0BA8}.Release|Any CPU.Build.0 = Release|Any CPU
		{83DDC4D0-066D-4985-916C-33594F32E79F}.Debug|Any CPU.ActiveCfg = Debug|Any CPU
		{83DDC4D0-066D-4985-916C-33594F32E79F}.Debug|Any CPU.Build.0 = Debug|Any CPU
		{83DDC4D0-066D-4985-916C-33594F32E79F}.Debug|Any CPU.Deploy.0 = Debug|Any CPU
		{83DDC4D0-066D-4985-916C-33594F32E79F}.Release|Any CPU.ActiveCfg = Release|Any CPU
		{83DDC4D0-066D-4985-916C-33594F32E79F}.Release|Any CPU.Build.0 = Release|Any CPU
		{3ABE4963-CD57-4AF7-B1CE-2FDB28986562}.Debug|Any CPU.ActiveCfg = Debug|Any CPU
		{3ABE4963-CD57-4AF7-B1CE-2FDB28986562}.Debug|Any CPU.Build.0 = Debug|Any CPU
		{3ABE4963-CD57-4AF7-B1CE-2FDB28986562}.Debug|Any CPU.Deploy.0 = Debug|Any CPU
		{3ABE4963-CD57-4AF7-B1CE-2FDB28986562}.Release|Any CPU.ActiveCfg = Release|Any CPU
		{3ABE4963-CD57-4AF7-B1CE-2FDB28986562}.Release|Any CPU.Build.0 = Release|Any CPU
		{DC5CB60A-C718-4C4F-A033-FF9E024D8B1D}.Debug|Any CPU.ActiveCfg = Debug|Any CPU
		{DC5CB60A-C718-4C4F-A033-FF9E024D8B1D}.Debug|Any CPU.Build.0 = Debug|Any CPU
		{DC5CB60A-C718-4C4F-A033-FF9E024D8B1D}.Debug|Any CPU.Deploy.0 = Debug|Any CPU
		{DC5CB60A-C718-4C4F-A033-FF9E024D8B1D}.Release|Any CPU.ActiveCfg = Release|Any CPU
		{DC5CB60A-C718-4C4F-A033-FF9E024D8B1D}.Release|Any CPU.Build.0 = Release|Any CPU
	EndGlobalSection
	GlobalSection(SolutionProperties) = preSolution
		HideSolutionNode = FALSE
	EndGlobalSection
	GlobalSection(ExtensibilityGlobals) = postSolution
		SolutionGuid = {33A4A67D-0F87-4065-826A-503F7E2DA9CB}
	EndGlobalSection
EndGlobal
