
Microsoft Visual Studio Solution File, Format Version 12.00
# Visual Studio Version 17
VisualStudioVersion = 17.6.33829.357
MinimumVisualStudioVersion = 10.0.40219.1
Project("{2150E333-8FDC-42A3-9474-1A3956D46DE8}") = "Solution Items", "Solution Items", "{75CDE803-6A22-4024-8AA2-008996454FED}"
	ProjectSection(SolutionItems) = preProject
		.editorconfig = .editorconfig
		Directory.Build.props = Directory.Build.props
		Directory.Build.targets = Directory.Build.targets
	EndProjectSection
EndProject
Project("{FAE04EC0-301F-11D3-BF4B-00C04F79EFBC}") = "SO79652049", "src\SO79652049\SO79652049.csproj", "{37C07297-714C-4920-BE36-33CFAD0C9221}"
EndProject
Project("{FAE04EC0-301F-11D3-BF4B-00C04F79EFBC}") = "SO79646081", "src\SO79646081\SO79646081.csproj", "{030F5F5C-51D3-4D9D-B269-55691767EF26}"
EndProject
Project("{FAE04EC0-301F-11D3-BF4B-00C04F79EFBC}") = "SO79667809", "src\SO79667809\SO79667809.csproj", "{E0941B63-A58C-44A4-8FDD-D209FC3FDE0B}"
EndProject
Project("{FAE04EC0-301F-11D3-BF4B-00C04F79EFBC}") = "SO79689989", "src\SO79689989\SO79689989.csproj", "{6F562BB2-9CCE-476D-B3B5-66CF2D6E7CA0}"
EndProject
Project("{FAE04EC0-301F-11D3-BF4B-00C04F79EFBC}") = "SO79689008", "src\SO79689008\SO79689008.csproj", "{26BE5466-31BE-4368-9BFF-6FA37DB16B3D}"
EndProject
Project("{FAE04EC0-301F-11D3-BF4B-00C04F79EFBC}") = "SO79706434", "src\SO79706434\SO79706434.csproj", "{9A14C309-723B-4D8E-A6EF-1A33E787FE9D}"
EndProject
Project("{FAE04EC0-301F-11D3-BF4B-00C04F79EFBC}") = "SO76746572", "src\SO76746572\SO76746572.csproj", "{C05D6CD5-FFAD-44DC-9A18-8C80683AAE17}"
EndProject
Project("{FAE04EC0-301F-11D3-BF4B-00C04F79EFBC}") = "SO79745777", "src\2025\202508\SO79745777\SO79745777.csproj", "{2556D7C6-5246-4594-9AFB-ADF1C5B2681D}"
EndProject
Project("{2150E333-8FDC-42A3-9474-1A3956D46DE8}") = "202508", "202508", "{02EA681E-C7D8-13C7-8484-4AC65E1B71E8}"
EndProject
Project("{2150E333-8FDC-42A3-9474-1A3956D46DE8}") = "2025", "2025", "{0FA7A932-E896-47EB-A69E-08D51EBC79C4}"
EndProject
Project("{FAE04EC0-301F-11D3-BF4B-00C04F79EFBC}") = "StackOverflow.Maui.App", "src\StackOverflow.Maui.App\StackOverflow.Maui.App.csproj", "{A457799F-D81F-614D-CDCD-91E47C83377B}"
EndProject
Global
	GlobalSection(SolutionConfigurationPlatforms) = preSolution
		Debug|Any CPU = Debug|Any CPU
		Release|Any CPU = Release|Any CPU
	EndGlobalSection
	GlobalSection(ProjectConfigurationPlatforms) = postSolution
		{37C07297-714C-4920-BE36-33CFAD0C9221}.Debug|Any CPU.ActiveCfg = Debug|Any CPU
		{37C07297-714C-4920-BE36-33CFAD0C9221}.Debug|Any CPU.Build.0 = Debug|Any CPU
		{37C07297-714C-4920-BE36-33CFAD0C9221}.Debug|Any CPU.Deploy.0 = Debug|Any CPU
		{37C07297-714C-4920-BE36-33CFAD0C9221}.Release|Any CPU.ActiveCfg = Release|Any CPU
		{37C07297-714C-4920-BE36-33CFAD0C9221}.Release|Any CPU.Build.0 = Release|Any CPU
		{030F5F5C-51D3-4D9D-B269-55691767EF26}.Debug|Any CPU.ActiveCfg = Debug|Any CPU
		{030F5F5C-51D3-4D9D-B269-55691767EF26}.Debug|Any CPU.Build.0 = Debug|Any CPU
		{030F5F5C-51D3-4D9D-B269-55691767EF26}.Debug|Any CPU.Deploy.0 = Debug|Any CPU
		{030F5F5C-51D3-4D9D-B269-55691767EF26}.Release|Any CPU.ActiveCfg = Release|Any CPU
		{030F5F5C-51D3-4D9D-B269-55691767EF26}.Release|Any CPU.Build.0 = Release|Any CPU
		{E0941B63-A58C-44A4-8FDD-D209FC3FDE0B}.Debug|Any CPU.ActiveCfg = Debug|Any CPU
		{E0941B63-A58C-44A4-8FDD-D209FC3FDE0B}.Debug|Any CPU.Build.0 = Debug|Any CPU
		{E0941B63-A58C-44A4-8FDD-D209FC3FDE0B}.Debug|Any CPU.Deploy.0 = Debug|Any CPU
		{E0941B63-A58C-44A4-8FDD-D209FC3FDE0B}.Release|Any CPU.ActiveCfg = Release|Any CPU
		{E0941B63-A58C-44A4-8FDD-D209FC3FDE0B}.Release|Any CPU.Build.0 = Release|Any CPU
		{6F562BB2-9CCE-476D-B3B5-66CF2D6E7CA0}.Debug|Any CPU.ActiveCfg = Debug|Any CPU
		{6F562BB2-9CCE-476D-B3B5-66CF2D6E7CA0}.Debug|Any CPU.Build.0 = Debug|Any CPU
		{6F562BB2-9CCE-476D-B3B5-66CF2D6E7CA0}.Debug|Any CPU.Deploy.0 = Debug|Any CPU
		{6F562BB2-9CCE-476D-B3B5-66CF2D6E7CA0}.Release|Any CPU.ActiveCfg = Release|Any CPU
		{6F562BB2-9CCE-476D-B3B5-66CF2D6E7CA0}.Release|Any CPU.Build.0 = Release|Any CPU
		{26BE5466-31BE-4368-9BFF-6FA37DB16B3D}.Debug|Any CPU.ActiveCfg = Debug|Any CPU
		{26BE5466-31BE-4368-9BFF-6FA37DB16B3D}.Debug|Any CPU.Build.0 = Debug|Any CPU
		{26BE5466-31BE-4368-9BFF-6FA37DB16B3D}.Debug|Any CPU.Deploy.0 = Debug|Any CPU
		{26BE5466-31BE-4368-9BFF-6FA37DB16B3D}.Release|Any CPU.ActiveCfg = Release|Any CPU
		{26BE5466-31BE-4368-9BFF-6FA37DB16B3D}.Release|Any CPU.Build.0 = Release|Any CPU
		{9A14C309-723B-4D8E-A6EF-1A33E787FE9D}.Debug|Any CPU.ActiveCfg = Debug|Any CPU
		{9A14C309-723B-4D8E-A6EF-1A33E787FE9D}.Debug|Any CPU.Build.0 = Debug|Any CPU
		{9A14C309-723B-4D8E-A6EF-1A33E787FE9D}.Debug|Any CPU.Deploy.0 = Debug|Any CPU
		{9A14C309-723B-4D8E-A6EF-1A33E787FE9D}.Release|Any CPU.ActiveCfg = Release|Any CPU
		{9A14C309-723B-4D8E-A6EF-1A33E787FE9D}.Release|Any CPU.Build.0 = Release|Any CPU
		{C05D6CD5-FFAD-44DC-9A18-8C80683AAE17}.Debug|Any CPU.ActiveCfg = Debug|Any CPU
		{C05D6CD5-FFAD-44DC-9A18-8C80683AAE17}.Debug|Any CPU.Build.0 = Debug|Any CPU
		{C05D6CD5-FFAD-44DC-9A18-8C80683AAE17}.Debug|Any CPU.Deploy.0 = Debug|Any CPU
		{C05D6CD5-FFAD-44DC-9A18-8C80683AAE17}.Release|Any CPU.ActiveCfg = Release|Any CPU
		{C05D6CD5-FFAD-44DC-9A18-8C80683AAE17}.Release|Any CPU.Build.0 = Release|Any CPU
		{41C6D8A9-2316-4ED2-803E-B2F6BF24AF1B}.Debug|Any CPU.ActiveCfg = Debug|Any CPU
		{41C6D8A9-2316-4ED2-803E-B2F6BF24AF1B}.Debug|Any CPU.Build.0 = Debug|Any CPU
		{41C6D8A9-2316-4ED2-803E-B2F6BF24AF1B}.Debug|Any CPU.Deploy.0 = Debug|Any CPU
		{41C6D8A9-2316-4ED2-803E-B2F6BF24AF1B}.Release|Any CPU.ActiveCfg = Release|Any CPU
		{41C6D8A9-2316-4ED2-803E-B2F6BF24AF1B}.Release|Any CPU.Build.0 = Release|Any CPU
		{CEFFBF77-F3E9-4ECB-A01B-A65999FDF5EE}.Debug|Any CPU.ActiveCfg = Debug|Any CPU
		{CEFFBF77-F3E9-4ECB-A01B-A65999FDF5EE}.Debug|Any CPU.Build.0 = Debug|Any CPU
		{CEFFBF77-F3E9-4ECB-A01B-A65999FDF5EE}.Debug|Any CPU.Deploy.0 = Debug|Any CPU
		{CEFFBF77-F3E9-4ECB-A01B-A65999FDF5EE}.Release|Any CPU.ActiveCfg = Release|Any CPU
		{CEFFBF77-F3E9-4ECB-A01B-A65999FDF5EE}.Release|Any CPU.Build.0 = Release|Any CPU
		{2556D7C6-5246-4594-9AFB-ADF1C5B2681D}.Debug|Any CPU.ActiveCfg = Debug|Any CPU
		{2556D7C6-5246-4594-9AFB-ADF1C5B2681D}.Debug|Any CPU.Build.0 = Debug|Any CPU
		{2556D7C6-5246-4594-9AFB-ADF1C5B2681D}.Debug|Any CPU.Deploy.0 = Debug|Any CPU
		{2556D7C6-5246-4594-9AFB-ADF1C5B2681D}.Release|Any CPU.ActiveCfg = Release|Any CPU
		{2556D7C6-5246-4594-9AFB-ADF1C5B2681D}.Release|Any CPU.Build.0 = Release|Any CPU
		{3E097A3A-74F8-CA52-AA46-828935E21CB1}.Debug|Any CPU.ActiveCfg = Debug|Any CPU
		{3E097A3A-74F8-CA52-AA46-828935E21CB1}.Debug|Any CPU.Build.0 = Debug|Any CPU
		{3E097A3A-74F8-CA52-AA46-828935E21CB1}.Debug|Any CPU.Deploy.0 = Debug|Any CPU
		{3E097A3A-74F8-CA52-AA46-828935E21CB1}.Release|Any CPU.ActiveCfg = Release|Any CPU
		{3E097A3A-74F8-CA52-AA46-828935E21CB1}.Release|Any CPU.Build.0 = Release|Any CPU
		{7D146858-C195-888D-48E7-FB20DBFF8056}.Debug|Any CPU.ActiveCfg = Debug|Any CPU
		{7D146858-C195-888D-48E7-FB20DBFF8056}.Debug|Any CPU.Build.0 = Debug|Any CPU
		{7D146858-C195-888D-48E7-FB20DBFF8056}.Debug|Any CPU.Deploy.0 = Debug|Any CPU
		{7D146858-C195-888D-48E7-FB20DBFF8056}.Release|Any CPU.ActiveCfg = Release|Any CPU
		{7D146858-C195-888D-48E7-FB20DBFF8056}.Release|Any CPU.Build.0 = Release|Any CPU
		{84F90A81-3FE8-6410-18F7-1D40FDA85B39}.Debug|Any CPU.ActiveCfg = Debug|Any CPU
		{84F90A81-3FE8-6410-18F7-1D40FDA85B39}.Debug|Any CPU.Build.0 = Debug|Any CPU
		{84F90A81-3FE8-6410-18F7-1D40FDA85B39}.Debug|Any CPU.Deploy.0 = Debug|Any CPU
		{84F90A81-3FE8-6410-18F7-1D40FDA85B39}.Release|Any CPU.ActiveCfg = Release|Any CPU
		{84F90A81-3FE8-6410-18F7-1D40FDA85B39}.Release|Any CPU.Build.0 = Release|Any CPU
		{C8EE9977-93CB-A46A-51C7-D79F28A2F3C5}.Debug|Any CPU.ActiveCfg = Debug|Any CPU
		{C8EE9977-93CB-A46A-51C7-D79F28A2F3C5}.Debug|Any CPU.Build.0 = Debug|Any CPU
		{C8EE9977-93CB-A46A-51C7-D79F28A2F3C5}.Debug|Any CPU.Deploy.0 = Debug|Any CPU
		{C8EE9977-93CB-A46A-51C7-D79F28A2F3C5}.Release|Any CPU.ActiveCfg = Release|Any CPU
		{C8EE9977-93CB-A46A-51C7-D79F28A2F3C5}.Release|Any CPU.Build.0 = Release|Any CPU
		{C4B102A4-E83E-10D9-B412-481E53D1F78B}.Debug|Any CPU.ActiveCfg = Debug|Any CPU
		{C4B102A4-E83E-10D9-B412-481E53D1F78B}.Debug|Any CPU.Build.0 = Debug|Any CPU
		{C4B102A4-E83E-10D9-B412-481E53D1F78B}.Debug|Any CPU.Deploy.0 = Debug|Any CPU
		{C4B102A4-E83E-10D9-B412-481E53D1F78B}.Release|Any CPU.ActiveCfg = Release|Any CPU
		{C4B102A4-E83E-10D9-B412-481E53D1F78B}.Release|Any CPU.Build.0 = Release|Any CPU
		{8C8ACEFA-A294-2B2C-9DD0-6618118C260C}.Debug|Any CPU.ActiveCfg = Debug|Any CPU
		{8C8ACEFA-A294-2B2C-9DD0-6618118C260C}.Debug|Any CPU.Build.0 = Debug|Any CPU
		{8C8ACEFA-A294-2B2C-9DD0-6618118C260C}.Debug|Any CPU.Deploy.0 = Debug|Any CPU
		{8C8ACEFA-A294-2B2C-9DD0-6618118C260C}.Release|Any CPU.ActiveCfg = Release|Any CPU
		{8C8ACEFA-A294-2B2C-9DD0-6618118C260C}.Release|Any CPU.Build.0 = Release|Any CPU
		{A7E619AF-5287-836C-1BBB-EF4A4F9F4233}.Debug|Any CPU.ActiveCfg = Debug|Any CPU
		{A7E619AF-5287-836C-1BBB-EF4A4F9F4233}.Debug|Any CPU.Build.0 = Debug|Any CPU
		{A7E619AF-5287-836C-1BBB-EF4A4F9F4233}.Debug|Any CPU.Deploy.0 = Debug|Any CPU
		{A7E619AF-5287-836C-1BBB-EF4A4F9F4233}.Release|Any CPU.ActiveCfg = Release|Any CPU
		{A7E619AF-5287-836C-1BBB-EF4A4F9F4233}.Release|Any CPU.Build.0 = Release|Any CPU
		{5C087FCA-FE55-4A1D-A3B2-59E93CBA364B}.Debug|Any CPU.ActiveCfg = Debug|Any CPU
		{5C087FCA-FE55-4A1D-A3B2-59E93CBA364B}.Debug|Any CPU.Build.0 = Debug|Any CPU
		{5C087FCA-FE55-4A1D-A3B2-59E93CBA364B}.Release|Any CPU.ActiveCfg = Release|Any CPU
		{5C087FCA-FE55-4A1D-A3B2-59E93CBA364B}.Release|Any CPU.Build.0 = Release|Any CPU
		{A457799F-D81F-614D-CDCD-91E47C83377B}.Debug|Any CPU.ActiveCfg = Debug|Any CPU
		{A457799F-D81F-614D-CDCD-91E47C83377B}.Debug|Any CPU.Build.0 = Debug|Any CPU
		{A457799F-D81F-614D-CDCD-91E47C83377B}.Debug|Any CPU.Deploy.0 = Debug|Any CPU
		{A457799F-D81F-614D-CDCD-91E47C83377B}.Release|Any CPU.ActiveCfg = Release|Any CPU
		{A457799F-D81F-614D-CDCD-91E47C83377B}.Release|Any CPU.Build.0 = Release|Any CPU
	EndGlobalSection
	GlobalSection(SolutionProperties) = preSolution
		HideSolutionNode = FALSE
	EndGlobalSection
	GlobalSection(NestedProjects) = preSolution
		{2556D7C6-5246-4594-9AFB-ADF1C5B2681D} = {02EA681E-C7D8-13C7-8484-4AC65E1B71E8}
		{02EA681E-C7D8-13C7-8484-4AC65E1B71E8} = {0FA7A932-E896-47EB-A69E-08D51EBC79C4}
		{3E097A3A-74F8-CA52-AA46-828935E21CB1} = {02EA681E-C7D8-13C7-8484-4AC65E1B71E8}
		{7D146858-C195-888D-48E7-FB20DBFF8056} = {02EA681E-C7D8-13C7-8484-4AC65E1B71E8}
		{84F90A81-3FE8-6410-18F7-1D40FDA85B39} = {02EA681E-C7D8-13C7-8484-4AC65E1B71E8}
		{C8EE9977-93CB-A46A-51C7-D79F28A2F3C5} = {02EA681E-C7D8-13C7-8484-4AC65E1B71E8}
		{C4B102A4-E83E-10D9-B412-481E53D1F78B} = {02EA681E-C7D8-13C7-8484-4AC65E1B71E8}
		{8C8ACEFA-A294-2B2C-9DD0-6618118C260C} = {02EA681E-C7D8-13C7-8484-4AC65E1B71E8}
		{A7E619AF-5287-836C-1BBB-EF4A4F9F4233} = {02EA681E-C7D8-13C7-8484-4AC65E1B71E8}
		{F1AFDCCA-DD17-4354-B925-BC9FEE43D328} = {0FA7A932-E896-47EB-A69E-08D51EBC79C4}
		{5C087FCA-FE55-4A1D-A3B2-59E93CBA364B} = {F1AFDCCA-DD17-4354-B925-BC9FEE43D328}
	EndGlobalSection
	GlobalSection(ExtensibilityGlobals) = postSolution
		SolutionGuid = {33A4A67D-0F87-4065-826A-503F7E2DA9CB}
	EndGlobalSection
EndGlobal
